
Microsoft Visual Studio Solution File, Format Version 12.00
# Visual Studio Version 17
VisualStudioVersion = 17.11.35303.130
MinimumVisualStudioVersion = 10.0.40219.1
Project("{2150E333-8FDC-42A3-9474-1A3956D46DE8}") = "Task0", "Task0", "{97001680-944E-4D9F-861D-F15849C8645C}"
EndProject
Project("{9A19103F-16F7-4668-BE54-9A1E7A4F7556}") = "Tyuiu.NuryevAR.Sprint0.Task0.V0", "Tyuiu.NuryevAR.Sprint0.Task0.V0\Tyuiu.NuryevAR.Sprint0.Task0.V0.csproj", "{D79268C2-E280-4D5F-9C08-8A288107FEFC}"
EndProject
Project("{2150E333-8FDC-42A3-9474-1A3956D46DE8}") = "Task1", "Task1", "{B042D240-E593-4EFB-95CC-154FB449B014}"
EndProject
Project("{9A19103F-16F7-4668-BE54-9A1E7A4F7556}") = "Tyuiu.NuryevAR.Sprint0.Task1.V0", "Tyuiu.NuryevAR.Sprint0.Task1.V0\Tyuiu.NuryevAR.Sprint0.Task1.V0.csproj", "{AF7B2F4C-1497-4B18-B9A1-685E799D2679}"
EndProject
Project("{2150E333-8FDC-42A3-9474-1A3956D46DE8}") = "Task2", "Task2", "{7EDA0C75-616D-4DDC-B16A-9664C9A14DC4}"
EndProject
Project("{9A19103F-16F7-4668-BE54-9A1E7A4F7556}") = "Tyuiu.NuryevAR.Sprint0.Task2.V0", "Tyuiu.NuryevAR.Sprint0.Task2.V0\Tyuiu.NuryevAR.Sprint0.Task2.V0.csproj", "{93E06055-5F2F-4A97-86FC-89C57F0C115B}"
EndProject
Project("{9A19103F-16F7-4668-BE54-9A1E7A4F7556}") = "Tyuiu.NuryevAR.Sprint0.Task2.V0.Lib", "Tyuiu.NuryevAR.Sprint0.Task2.V0.Lib\Tyuiu.NuryevAR.Sprint0.Task2.V0.Lib.csproj", "{574D624E-9CDD-4213-94BB-38951E5B2EBF}"
EndProject
Project("{9A19103F-16F7-4668-BE54-9A1E7A4F7556}") = "Tyuiu.NuryevAR.Sprint0.Task2.V0.Test", "Tyuiu.NuryevAR.Sprint0.Task2.V0.Test\Tyuiu.NuryevAR.Sprint0.Task2.V0.Test.csproj", "{244182A8-2C07-4169-AD69-BF8A3657F206}"
EndProject
Project("{2150E333-8FDC-42A3-9474-1A3956D46DE8}") = "Task3", "Task3", "{CC5DF8D4-2E97-47C8-A3EA-84747D183F47}"
EndProject
Project("{9A19103F-16F7-4668-BE54-9A1E7A4F7556}") = "Tyuiu.NuryevAR.Sprint0.Task3.V0", "Tyuiu.NuryevAR.Sprint0.Task3.V0\Tyuiu.NuryevAR.Sprint0.Task3.V0.csproj", "{A1AE0423-CA3E-4E26-8E8B-729F8ACD6F09}"
EndProject
Project("{9A19103F-16F7-4668-BE54-9A1E7A4F7556}") = "Tyuiu.NuryevAR.Sprint0.Task3.V0.Lib", "Tyuiu.NuryevAR.Sprint0.Task3.V0.Lib\Tyuiu.NuryevAR.Sprint0.Task3.V0.Lib.csproj", "{7BBAF4A3-27DD-471F-B686-1C33FBFE4157}"
EndProject
Project("{9A19103F-16F7-4668-BE54-9A1E7A4F7556}") = "Tyuiu.NuryevAR.Sprint0.Task3.V0.Test", "Tyuiu.NuryevAR.Sprint0.Task3.V0.Test\Tyuiu.NuryevAR.Sprint0.Task3.V0.Test.csproj", "{93251334-F457-4274-A7CD-7FF68EC2B48D}"
EndProject
Project("{2150E333-8FDC-42A3-9474-1A3956D46DE8}") = "Task4", "Task4", "{AF72503C-F393-446A-B24F-5695EA839D99}"
EndProject
Project("{9A19103F-16F7-4668-BE54-9A1E7A4F7556}") = "Tyuiu.NuryevAR.Sprint0.Task4.V0", "Tyuiu.NuryevAR.Sprint0.Task4.V0\Tyuiu.NuryevAR.Sprint0.Task4.V0.csproj", "{DD616937-BE16-4CD9-9CD4-2F6D5CF886DC}"
EndProject
Project("{9A19103F-16F7-4668-BE54-9A1E7A4F7556}") = "Tyuiu.NuryevAR.Sprint0.Task4.V0.Lib", "Tyuiu.NuryevAR.Sprint0.Task4.V0.Lib\Tyuiu.NuryevAR.Sprint0.Task4.V0.Lib.csproj", "{0734A150-D07B-4CCF-B75F-9B4490782A9B}"
EndProject
Project("{9A19103F-16F7-4668-BE54-9A1E7A4F7556}") = "Tyuiu.NuryevAR.Sprint0.Task4.V0.Test", "Tyuiu.NuryevAR.Sprint0.Task4.V0.Test\Tyuiu.NuryevAR.Sprint0.Task4.V0.Test.csproj", "{A184EE2E-EF60-41CD-AA27-1D78D4D05A94}"
EndProject
Project("{2150E333-8FDC-42A3-9474-1A3956D46DE8}") = "Task5", "Task5", "{90B50A0A-5B7A-4D78-9318-D975AC980AE3}"
EndProject
Project("{9A19103F-16F7-4668-BE54-9A1E7A4F7556}") = "Tyuiu.NuryevAR.Sprint0.Task5.V0", "Tyuiu.NuryevAR.Sprint0.Task5.V0\Tyuiu.NuryevAR.Sprint0.Task5.V0.csproj", "{E9957BC8-A062-4D99-ACAC-15C87BFEE86D}"
EndProject
Project("{9A19103F-16F7-4668-BE54-9A1E7A4F7556}") = "Tyuiu.NuryevAR.Sprint0.Task5.V0.Lib", "Tyuiu.NuryevAR.Sprint0.Task5.V0.Lib\Tyuiu.NuryevAR.Sprint0.Task5.V0.Lib.csproj", "{FB862E5C-0925-4E37-9E1F-0407B6555346}"
EndProject
Project("{9A19103F-16F7-4668-BE54-9A1E7A4F7556}") = "Tyuiu.NuryevAR.Sprint0.Task5.V0.Test", "Tyuiu.NuryevAR.Sprint0.Task5.V0.Test\Tyuiu.NuryevAR.Sprint0.Task5.V0.Test.csproj", "{9A104FE0-68D1-4253-A455-C3EC1E78D93D}"
EndProject
Project("{2150E333-8FDC-42A3-9474-1A3956D46DE8}") = "Task6", "Task6", "{27040F26-E70F-4300-BA9D-8038258A5EF2}"
EndProject
Project("{FAE04EC0-301F-11D3-BF4B-00C04F79EFBC}") = "Tyuiu.NuryevAR.Sprint0.Task6.V0", "Tyuiu.NuryevAR.Sprint0.Task6.V0\Tyuiu.NuryevAR.Sprint0.Task6.V0.csproj", "{CA7397E6-EF00-418E-B0B4-6F2F9142FF33}"
EndProject
Project("{FAE04EC0-301F-11D3-BF4B-00C04F79EFBC}") = "Tyuiu.NuryevAR.Sprint0.Task6.V0.Lib", "Tyuiu.NuryevAR.Sprint0.Task6.V0.Lib\Tyuiu.NuryevAR.Sprint0.Task6.V0.Lib.csproj", "{AC4A17AA-44C5-4348-B512-9D36C97105FA}"
EndProject
Project("{FAE04EC0-301F-11D3-BF4B-00C04F79EFBC}") = "Tyuiu.NuryevAR.Sprint0.Task6.V0.Test", "Tyuiu.NuryevAR.Sprint0.Task6.V0.Test\Tyuiu.NuryevAR.Sprint0.Task6.V0.Test.csproj", "{1A908F0A-B098-4EDC-96A2-AD4A030EB4F2}"
EndProject
Global
	GlobalSection(SolutionConfigurationPlatforms) = preSolution
		Debug|Any CPU = Debug|Any CPU
		Release|Any CPU = Release|Any CPU
	EndGlobalSection
	GlobalSection(ProjectConfigurationPlatforms) = postSolution
		{D79268C2-E280-4D5F-9C08-8A288107FEFC}.Debug|Any CPU.ActiveCfg = Debug|Any CPU
		{D79268C2-E280-4D5F-9C08-8A288107FEFC}.Debug|Any CPU.Build.0 = Debug|Any CPU
		{D79268C2-E280-4D5F-9C08-8A288107FEFC}.Release|Any CPU.ActiveCfg = Release|Any CPU
		{D79268C2-E280-4D5F-9C08-8A288107FEFC}.Release|Any CPU.Build.0 = Release|Any CPU
		{AF7B2F4C-1497-4B18-B9A1-685E799D2679}.Debug|Any CPU.ActiveCfg = Debug|Any CPU
		{AF7B2F4C-1497-4B18-B9A1-685E799D2679}.Debug|Any CPU.Build.0 = Debug|Any CPU
		{AF7B2F4C-1497-4B18-B9A1-685E799D2679}.Release|Any CPU.ActiveCfg = Release|Any CPU
		{AF7B2F4C-1497-4B18-B9A1-685E799D2679}.Release|Any CPU.Build.0 = Release|Any CPU
		{93E06055-5F2F-4A97-86FC-89C57F0C115B}.Debug|Any CPU.ActiveCfg = Debug|Any CPU
		{93E06055-5F2F-4A97-86FC-89C57F0C115B}.Debug|Any CPU.Build.0 = Debug|Any CPU
		{93E06055-5F2F-4A97-86FC-89C57F0C115B}.Release|Any CPU.ActiveCfg = Release|Any CPU
		{93E06055-5F2F-4A97-86FC-89C57F0C115B}.Release|Any CPU.Build.0 = Release|Any CPU
		{574D624E-9CDD-4213-94BB-38951E5B2EBF}.Debug|Any CPU.ActiveCfg = Debug|Any CPU
		{574D624E-9CDD-4213-94BB-38951E5B2EBF}.Debug|Any CPU.Build.0 = Debug|Any CPU
		{574D624E-9CDD-4213-94BB-38951E5B2EBF}.Release|Any CPU.ActiveCfg = Release|Any CPU
		{574D624E-9CDD-4213-94BB-38951E5B2EBF}.Release|Any CPU.Build.0 = Release|Any CPU
		{244182A8-2C07-4169-AD69-BF8A3657F206}.Debug|Any CPU.ActiveCfg = Debug|Any CPU
		{244182A8-2C07-4169-AD69-BF8A3657F206}.Debug|Any CPU.Build.0 = Debug|Any CPU
		{244182A8-2C07-4169-AD69-BF8A3657F206}.Release|Any CPU.ActiveCfg = Release|Any CPU
		{244182A8-2C07-4169-AD69-BF8A3657F206}.Release|Any CPU.Build.0 = Release|Any CPU
		{A1AE0423-CA3E-4E26-8E8B-729F8ACD6F09}.Debug|Any CPU.ActiveCfg = Debug|Any CPU
		{A1AE0423-CA3E-4E26-8E8B-729F8ACD6F09}.Debug|Any CPU.Build.0 = Debug|Any CPU
		{A1AE0423-CA3E-4E26-8E8B-729F8ACD6F09}.Release|Any CPU.ActiveCfg = Release|Any CPU
		{A1AE0423-CA3E-4E26-8E8B-729F8ACD6F09}.Release|Any CPU.Build.0 = Release|Any CPU
		{7BBAF4A3-27DD-471F-B686-1C33FBFE4157}.Debug|Any CPU.ActiveCfg = Debug|Any CPU
		{7BBAF4A3-27DD-471F-B686-1C33FBFE4157}.Debug|Any CPU.Build.0 = Debug|Any CPU
		{7BBAF4A3-27DD-471F-B686-1C33FBFE4157}.Release|Any CPU.ActiveCfg = Release|Any CPU
		{7BBAF4A3-27DD-471F-B686-1C33FBFE4157}.Release|Any CPU.Build.0 = Release|Any CPU
		{93251334-F457-4274-A7CD-7FF68EC2B48D}.Debug|Any CPU.ActiveCfg = Debug|Any CPU
		{93251334-F457-4274-A7CD-7FF68EC2B48D}.Debug|Any CPU.Build.0 = Debug|Any CPU
		{93251334-F457-4274-A7CD-7FF68EC2B48D}.Release|Any CPU.ActiveCfg = Release|Any CPU
		{93251334-F457-4274-A7CD-7FF68EC2B48D}.Release|Any CPU.Build.0 = Release|Any CPU
		{DD616937-BE16-4CD9-9CD4-2F6D5CF886DC}.Debug|Any CPU.ActiveCfg = Debug|Any CPU
		{DD616937-BE16-4CD9-9CD4-2F6D5CF886DC}.Debug|Any CPU.Build.0 = Debug|Any CPU
		{DD616937-BE16-4CD9-9CD4-2F6D5CF886DC}.Release|Any CPU.ActiveCfg = Release|Any CPU
		{DD616937-BE16-4CD9-9CD4-2F6D5CF886DC}.Release|Any CPU.Build.0 = Release|Any CPU
		{0734A150-D07B-4CCF-B75F-9B4490782A9B}.Debug|Any CPU.ActiveCfg = Debug|Any CPU
		{0734A150-D07B-4CCF-B75F-9B4490782A9B}.Debug|Any CPU.Build.0 = Debug|Any CPU
		{0734A150-D07B-4CCF-B75F-9B4490782A9B}.Release|Any CPU.ActiveCfg = Release|Any CPU
		{0734A150-D07B-4CCF-B75F-9B4490782A9B}.Release|Any CPU.Build.0 = Release|Any CPU
		{A184EE2E-EF60-41CD-AA27-1D78D4D05A94}.Debug|Any CPU.ActiveCfg = Debug|Any CPU
		{A184EE2E-EF60-41CD-AA27-1D78D4D05A94}.Debug|Any CPU.Build.0 = Debug|Any CPU
		{A184EE2E-EF60-41CD-AA27-1D78D4D05A94}.Release|Any CPU.ActiveCfg = Release|Any CPU
		{A184EE2E-EF60-41CD-AA27-1D78D4D05A94}.Release|Any CPU.Build.0 = Release|Any CPU
		{E9957BC8-A062-4D99-ACAC-15C87BFEE86D}.Debug|Any CPU.ActiveCfg = Debug|Any CPU
		{E9957BC8-A062-4D99-ACAC-15C87BFEE86D}.Debug|Any CPU.Build.0 = Debug|Any CPU
		{E9957BC8-A062-4D99-ACAC-15C87BFEE86D}.Release|Any CPU.ActiveCfg = Release|Any CPU
		{E9957BC8-A062-4D99-ACAC-15C87BFEE86D}.Release|Any CPU.Build.0 = Release|Any CPU
		{FB862E5C-0925-4E37-9E1F-0407B6555346}.Debug|Any CPU.ActiveCfg = Debug|Any CPU
		{FB862E5C-0925-4E37-9E1F-0407B6555346}.Debug|Any CPU.Build.0 = Debug|Any CPU
		{FB862E5C-0925-4E37-9E1F-0407B6555346}.Release|Any CPU.ActiveCfg = Release|Any CPU
		{FB862E5C-0925-4E37-9E1F-0407B6555346}.Release|Any CPU.Build.0 = Release|Any CPU
		{9A104FE0-68D1-4253-A455-C3EC1E78D93D}.Debug|Any CPU.ActiveCfg = Debug|Any CPU
		{9A104FE0-68D1-4253-A455-C3EC1E78D93D}.Debug|Any CPU.Build.0 = Debug|Any CPU
		{9A104FE0-68D1-4253-A455-C3EC1E78D93D}.Release|Any CPU.ActiveCfg = Release|Any CPU
		{9A104FE0-68D1-4253-A455-C3EC1E78D93D}.Release|Any CPU.Build.0 = Release|Any CPU
		{CA7397E6-EF00-418E-B0B4-6F2F9142FF33}.Debug|Any CPU.ActiveCfg = Debug|Any CPU
		{CA7397E6-EF00-418E-B0B4-6F2F9142FF33}.Debug|Any CPU.Build.0 = Debug|Any CPU
		{CA7397E6-EF00-418E-B0B4-6F2F9142FF33}.Release|Any CPU.ActiveCfg = Release|Any CPU
		{CA7397E6-EF00-418E-B0B4-6F2F9142FF33}.Release|Any CPU.Build.0 = Release|Any CPU
		{AC4A17AA-44C5-4348-B512-9D36C97105FA}.Debug|Any CPU.ActiveCfg = Debug|Any CPU
		{AC4A17AA-44C5-4348-B512-9D36C97105FA}.Debug|Any CPU.Build.0 = Debug|Any CPU
		{AC4A17AA-44C5-4348-B512-9D36C97105FA}.Release|Any CPU.ActiveCfg = Release|Any CPU
		{AC4A17AA-44C5-4348-B512-9D36C97105FA}.Release|Any CPU.Build.0 = Release|Any CPU
		{1A908F0A-B098-4EDC-96A2-AD4A030EB4F2}.Debug|Any CPU.ActiveCfg = Debug|Any CPU
		{1A908F0A-B098-4EDC-96A2-AD4A030EB4F2}.Debug|Any CPU.Build.0 = Debug|Any CPU
		{1A908F0A-B098-4EDC-96A2-AD4A030EB4F2}.Release|Any CPU.ActiveCfg = Release|Any CPU
		{1A908F0A-B098-4EDC-96A2-AD4A030EB4F2}.Release|Any CPU.Build.0 = Release|Any CPU
	EndGlobalSection
	GlobalSection(SolutionProperties) = preSolution
		HideSolutionNode = FALSE
	EndGlobalSection
	GlobalSection(NestedProjects) = preSolution
		{D79268C2-E280-4D5F-9C08-8A288107FEFC} = {97001680-944E-4D9F-861D-F15849C8645C}
		{AF7B2F4C-1497-4B18-B9A1-685E799D2679} = {B042D240-E593-4EFB-95CC-154FB449B014}
		{93E06055-5F2F-4A97-86FC-89C57F0C115B} = {7EDA0C75-616D-4DDC-B16A-9664C9A14DC4}
		{574D624E-9CDD-4213-94BB-38951E5B2EBF} = {7EDA0C75-616D-4DDC-B16A-9664C9A14DC4}
		{244182A8-2C07-4169-AD69-BF8A3657F206} = {7EDA0C75-616D-4DDC-B16A-9664C9A14DC4}
		{A1AE0423-CA3E-4E26-8E8B-729F8ACD6F09} = {CC5DF8D4-2E97-47C8-A3EA-84747D183F47}
		{7BBAF4A3-27DD-471F-B686-1C33FBFE4157} = {CC5DF8D4-2E97-47C8-A3EA-84747D183F47}
		{93251334-F457-4274-A7CD-7FF68EC2B48D} = {CC5DF8D4-2E97-47C8-A3EA-84747D183F47}
		{DD616937-BE16-4CD9-9CD4-2F6D5CF886DC} = {AF72503C-F393-446A-B24F-5695EA839D99}
		{0734A150-D07B-4CCF-B75F-9B4490782A9B} = {AF72503C-F393-446A-B24F-5695EA839D99}
		{A184EE2E-EF60-41CD-AA27-1D78D4D05A94} = {AF72503C-F393-446A-B24F-5695EA839D99}
		{E9957BC8-A062-4D99-ACAC-15C87BFEE86D} = {90B50A0A-5B7A-4D78-9318-D975AC980AE3}
		{FB862E5C-0925-4E37-9E1F-0407B6555346} = {90B50A0A-5B7A-4D78-9318-D975AC980AE3}
		{9A104FE0-68D1-4253-A455-C3EC1E78D93D} = {90B50A0A-5B7A-4D78-9318-D975AC980AE3}
		{CA7397E6-EF00-418E-B0B4-6F2F9142FF33} = {27040F26-E70F-4300-BA9D-8038258A5EF2}
		{AC4A17AA-44C5-4348-B512-9D36C97105FA} = {27040F26-E70F-4300-BA9D-8038258A5EF2}
		{1A908F0A-B098-4EDC-96A2-AD4A030EB4F2} = {27040F26-E70F-4300-BA9D-8038258A5EF2}
	EndGlobalSection
	GlobalSection(ExtensibilityGlobals) = postSolution
		SolutionGuid = {899599CE-066C-4B38-9FF4-0709359045BD}
	EndGlobalSection
EndGlobal
